
Microsoft Visual Studio Solution File, Format Version 11.00
# Visual Studio 2010
Project("{FAE04EC0-301F-11D3-BF4B-00C04F79EFBC}") = "GeoHyperstar", "GeoHyperstar\GeoHyperstar.csproj", "{08A3EE89-9A0C-4761-9DA4-9440F7E4AED5}"
	ProjectSection(ProjectDependencies) = postProject
		{A4140C12-53F5-438C-8D24-9E48C504FECF} = {A4140C12-53F5-438C-8D24-9E48C504FECF}
		{DD1CC1DB-4BF9-4C88-A100-733D84795F3A} = {DD1CC1DB-4BF9-4C88-A100-733D84795F3A}
		{C83777FC-AABB-47D9-911F-D76255D4D541} = {C83777FC-AABB-47D9-911F-D76255D4D541}
	EndProjectSection
EndProject
Project("{FAE04EC0-301F-11D3-BF4B-00C04F79EFBC}") = "MapDisplay", "SharpMapUITest\SharpMapUITest\MapDisplay.csproj", "{160E518D-0139-41C7-957B-12CDE24D01D6}"
EndProject
Project("{FAE04EC0-301F-11D3-BF4B-00C04F79EFBC}") = "WinChart", "WinChart\WinChart\WinChart.csproj", "{6A9E7AA3-913F-4994-B7BB-28470BC9FDE5}"
EndProject
Project("{FAE04EC0-301F-11D3-BF4B-00C04F79EFBC}") = "SharpMapUIControl", "SharpMap.UI\SharpMapUIControl.csproj", "{DD1CC1DB-4BF9-4C88-A100-733D84795F3A}"
EndProject
Project("{FAE04EC0-301F-11D3-BF4B-00C04F79EFBC}") = "AddEventTest", "AddEventTest\AddEventTest.csproj", "{3E955BE1-00ED-4FA0-87AB-2DA69EB1D118}"
EndProject
Project("{FAE04EC0-301F-11D3-BF4B-00C04F79EFBC}") = "NetworkLib", "Network\NetworkLib.csproj", "{972523F3-B708-48C0-A1B3-3D346929C179}"
EndProject
Project("{FAE04EC0-301F-11D3-BF4B-00C04F79EFBC}") = "NetworkLib2", "NetworkLib2\NetworkLib2.csproj", "{AD99522D-C99A-439B-BD97-84F21792EBB5}"
EndProject
Project("{FAE04EC0-301F-11D3-BF4B-00C04F79EFBC}") = "NetworkLib2ConsoleTest", "NetworkLib2ConsoleTest\NetworkLib2ConsoleTest.csproj", "{5B6D4CDB-9EEA-4CFF-A6B5-598C8A1D3D43}"
EndProject
Project("{2150E333-8FDC-42A3-9474-1A3956D46DE8}") = "ArrangedNetwork", "ArrangedNetwork", "{3BA04D40-F2B5-44C5-AD1A-05E73EA3F3BF}"
EndProject
Project("{2150E333-8FDC-42A3-9474-1A3956D46DE8}") = "Tests", "Tests", "{659E6E9D-D1E1-4A01-886C-56CAF67913A9}"
EndProject
Project("{2150E333-8FDC-42A3-9474-1A3956D46DE8}") = "GeoDHS", "GeoDHS", "{E699766B-0594-498F-AEF0-0F9D8C6B8084}"
EndProject
Project("{FAE04EC0-301F-11D3-BF4B-00C04F79EFBC}") = "NetworkLib2TranNetworkTest", "NetworkLib2TranNetworkTest\NetworkLib2TranNetworkTest.csproj", "{3C5EF3F3-82F2-436C-91BB-160339B0FA7D}"
EndProject
Project("{2150E333-8FDC-42A3-9474-1A3956D46DE8}") = "解决方案项目", "解决方案项目", "{5D17D10E-0B4C-4998-B011-E48B9FEDC090}"
EndProject
Project("{FAE04EC0-301F-11D3-BF4B-00C04F79EFBC}") = "GenericContainerTest", "GenericContainerTest\GenericContainerTest.csproj", "{0AC9EC6A-7203-4BB4-8629-05BAB6572DFA}"
EndProject
Project("{FAE04EC0-301F-11D3-BF4B-00C04F79EFBC}") = "SharpMap", "SharpMap\SharpMap.csproj", "{C83777FC-AABB-47D9-911F-D76255D4D541}"
EndProject
Project("{FAE04EC0-301F-11D3-BF4B-00C04F79EFBC}") = "SharpMap.Extensions", "SharpMap.Extensions\SharpMap.Extensions.csproj", "{A4140C12-53F5-438C-8D24-9E48C504FECF}"
EndProject
Project("{FAE04EC0-301F-11D3-BF4B-00C04F79EFBC}") = "AppConfiguration", "AppConfiguration\AppConfiguration.csproj", "{CA3BE6AD-7AD3-41C0-8FB2-170BF4EFAD7A}"
EndProject
Project("{2150E333-8FDC-42A3-9474-1A3956D46DE8}") = "Solution Items", "Solution Items", "{AF464D68-A579-4277-9E63-E2F7F58FA18B}"
	ProjectSection(SolutionItems) = preProject
		GeoHyperstar1.vsmdi = GeoHyperstar1.vsmdi
		Local.testsettings = Local.testsettings
		TraceAndTestImpact.testsettings = TraceAndTestImpact.testsettings
	EndProjectSection
EndProject
Project("{FAE04EC0-301F-11D3-BF4B-00C04F79EFBC}") = "confTest", "confTest\confTest.csproj", "{B7724513-0026-4951-809A-76DD61EB39B4}"
EndProject
Global
	GlobalSection(SubversionScc) = preSolution
		Svn-Managed = True
		Manager = AnkhSVN - Subversion Support for Visual Studio
	EndGlobalSection
	GlobalSection(TestCaseManagementSettings) = postSolution
		CategoryFile = GeoHyperstar1.vsmdi
	EndGlobalSection
	GlobalSection(SolutionConfigurationPlatforms) = preSolution
		Debug|Any CPU = Debug|Any CPU
		Debug|Mixed Platforms = Debug|Mixed Platforms
		Debug|Win32 = Debug|Win32
		Debug|x86 = Debug|x86
		DebugDSProjection|Any CPU = DebugDSProjection|Any CPU
		DebugDSProjection|Mixed Platforms = DebugDSProjection|Mixed Platforms
		DebugDSProjection|Win32 = DebugDSProjection|Win32
		DebugDSProjection|x86 = DebugDSProjection|x86
		Release|Any CPU = Release|Any CPU
		Release|Mixed Platforms = Release|Mixed Platforms
		Release|Win32 = Release|Win32
		Release|x86 = Release|x86
		ReleaseDSProjection|Any CPU = ReleaseDSProjection|Any CPU
		ReleaseDSProjection|Mixed Platforms = ReleaseDSProjection|Mixed Platforms
		ReleaseDSProjection|Win32 = ReleaseDSProjection|Win32
		ReleaseDSProjection|x86 = ReleaseDSProjection|x86
	EndGlobalSection
	GlobalSection(ProjectConfigurationPlatforms) = postSolution
		{08A3EE89-9A0C-4761-9DA4-9440F7E4AED5}.Debug|Any CPU.ActiveCfg = Debug|x86
		{08A3EE89-9A0C-4761-9DA4-9440F7E4AED5}.Debug|Mixed Platforms.ActiveCfg = Debug|x86
		{08A3EE89-9A0C-4761-9DA4-9440F7E4AED5}.Debug|Mixed Platforms.Build.0 = Debug|x86
		{08A3EE89-9A0C-4761-9DA4-9440F7E4AED5}.Debug|Win32.ActiveCfg = Debug|x86
		{08A3EE89-9A0C-4761-9DA4-9440F7E4AED5}.Debug|x86.ActiveCfg = Debug|x86
		{08A3EE89-9A0C-4761-9DA4-9440F7E4AED5}.Debug|x86.Build.0 = Debug|x86
		{08A3EE89-9A0C-4761-9DA4-9440F7E4AED5}.DebugDSProjection|Any CPU.ActiveCfg = Debug|x86
		{08A3EE89-9A0C-4761-9DA4-9440F7E4AED5}.DebugDSProjection|Mixed Platforms.ActiveCfg = Debug|x86
		{08A3EE89-9A0C-4761-9DA4-9440F7E4AED5}.DebugDSProjection|Mixed Platforms.Build.0 = Debug|x86
		{08A3EE89-9A0C-4761-9DA4-9440F7E4AED5}.DebugDSProjection|Win32.ActiveCfg = Debug|x86
		{08A3EE89-9A0C-4761-9DA4-9440F7E4AED5}.DebugDSProjection|x86.ActiveCfg = Debug|x86
		{08A3EE89-9A0C-4761-9DA4-9440F7E4AED5}.DebugDSProjection|x86.Build.0 = Debug|x86
		{08A3EE89-9A0C-4761-9DA4-9440F7E4AED5}.Release|Any CPU.ActiveCfg = Release|x86
		{08A3EE89-9A0C-4761-9DA4-9440F7E4AED5}.Release|Mixed Platforms.ActiveCfg = Release|x86
		{08A3EE89-9A0C-4761-9DA4-9440F7E4AED5}.Release|Mixed Platforms.Build.0 = Release|x86
		{08A3EE89-9A0C-4761-9DA4-9440F7E4AED5}.Release|Win32.ActiveCfg = Release|x86
		{08A3EE89-9A0C-4761-9DA4-9440F7E4AED5}.Release|x86.ActiveCfg = Release|x86
		{08A3EE89-9A0C-4761-9DA4-9440F7E4AED5}.Release|x86.Build.0 = Release|x86
		{08A3EE89-9A0C-4761-9DA4-9440F7E4AED5}.ReleaseDSProjection|Any CPU.ActiveCfg = Release|x86
		{08A3EE89-9A0C-4761-9DA4-9440F7E4AED5}.ReleaseDSProjection|Mixed Platforms.ActiveCfg = Release|x86
		{08A3EE89-9A0C-4761-9DA4-9440F7E4AED5}.ReleaseDSProjection|Mixed Platforms.Build.0 = Release|x86
		{08A3EE89-9A0C-4761-9DA4-9440F7E4AED5}.ReleaseDSProjection|Win32.ActiveCfg = Release|x86
		{08A3EE89-9A0C-4761-9DA4-9440F7E4AED5}.ReleaseDSProjection|x86.ActiveCfg = Release|x86
		{08A3EE89-9A0C-4761-9DA4-9440F7E4AED5}.ReleaseDSProjection|x86.Build.0 = Release|x86
		{160E518D-0139-41C7-957B-12CDE24D01D6}.Debug|Any CPU.ActiveCfg = Debug|x86
		{160E518D-0139-41C7-957B-12CDE24D01D6}.Debug|Mixed Platforms.ActiveCfg = Debug|x86
		{160E518D-0139-41C7-957B-12CDE24D01D6}.Debug|Mixed Platforms.Build.0 = Debug|x86
		{160E518D-0139-41C7-957B-12CDE24D01D6}.Debug|Win32.ActiveCfg = Debug|x86
		{160E518D-0139-41C7-957B-12CDE24D01D6}.Debug|x86.ActiveCfg = Debug|x86
		{160E518D-0139-41C7-957B-12CDE24D01D6}.Debug|x86.Build.0 = Debug|x86
		{160E518D-0139-41C7-957B-12CDE24D01D6}.DebugDSProjection|Any CPU.ActiveCfg = Debug|x86
		{160E518D-0139-41C7-957B-12CDE24D01D6}.DebugDSProjection|Mixed Platforms.ActiveCfg = Debug|x86
		{160E518D-0139-41C7-957B-12CDE24D01D6}.DebugDSProjection|Mixed Platforms.Build.0 = Debug|x86
		{160E518D-0139-41C7-957B-12CDE24D01D6}.DebugDSProjection|Win32.ActiveCfg = Debug|x86
		{160E518D-0139-41C7-957B-12CDE24D01D6}.DebugDSProjection|x86.ActiveCfg = Debug|x86
		{160E518D-0139-41C7-957B-12CDE24D01D6}.DebugDSProjection|x86.Build.0 = Debug|x86
		{160E518D-0139-41C7-957B-12CDE24D01D6}.Release|Any CPU.ActiveCfg = Release|x86
		{160E518D-0139-41C7-957B-12CDE24D01D6}.Release|Mixed Platforms.ActiveCfg = Release|x86
		{160E518D-0139-41C7-957B-12CDE24D01D6}.Release|Mixed Platforms.Build.0 = Release|x86
		{160E518D-0139-41C7-957B-12CDE24D01D6}.Release|Win32.ActiveCfg = Release|x86
		{160E518D-0139-41C7-957B-12CDE24D01D6}.Release|x86.ActiveCfg = Release|x86
		{160E518D-0139-41C7-957B-12CDE24D01D6}.Release|x86.Build.0 = Release|x86
		{160E518D-0139-41C7-957B-12CDE24D01D6}.ReleaseDSProjection|Any CPU.ActiveCfg = Release|x86
		{160E518D-0139-41C7-957B-12CDE24D01D6}.ReleaseDSProjection|Mixed Platforms.ActiveCfg = Release|x86
		{160E518D-0139-41C7-957B-12CDE24D01D6}.ReleaseDSProjection|Mixed Platforms.Build.0 = Release|x86
		{160E518D-0139-41C7-957B-12CDE24D01D6}.ReleaseDSProjection|Win32.ActiveCfg = Release|x86
		{160E518D-0139-41C7-957B-12CDE24D01D6}.ReleaseDSProjection|x86.ActiveCfg = Release|x86
		{160E518D-0139-41C7-957B-12CDE24D01D6}.ReleaseDSProjection|x86.Build.0 = Release|x86
		{6A9E7AA3-913F-4994-B7BB-28470BC9FDE5}.Debug|Any CPU.ActiveCfg = Debug|Any CPU
		{6A9E7AA3-913F-4994-B7BB-28470BC9FDE5}.Debug|Any CPU.Build.0 = Debug|Any CPU
		{6A9E7AA3-913F-4994-B7BB-28470BC9FDE5}.Debug|Mixed Platforms.ActiveCfg = Debug|Any CPU
		{6A9E7AA3-913F-4994-B7BB-28470BC9FDE5}.Debug|Mixed Platforms.Build.0 = Debug|Any CPU
		{6A9E7AA3-913F-4994-B7BB-28470BC9FDE5}.Debug|Win32.ActiveCfg = Debug|Any CPU
		{6A9E7AA3-913F-4994-B7BB-28470BC9FDE5}.Debug|x86.ActiveCfg = Debug|Any CPU
		{6A9E7AA3-913F-4994-B7BB-28470BC9FDE5}.DebugDSProjection|Any CPU.ActiveCfg = Debug|Any CPU
		{6A9E7AA3-913F-4994-B7BB-28470BC9FDE5}.DebugDSProjection|Any CPU.Build.0 = Debug|Any CPU
		{6A9E7AA3-913F-4994-B7BB-28470BC9FDE5}.DebugDSProjection|Mixed Platforms.ActiveCfg = Debug|Any CPU
		{6A9E7AA3-913F-4994-B7BB-28470BC9FDE5}.DebugDSProjection|Mixed Platforms.Build.0 = Debug|Any CPU
		{6A9E7AA3-913F-4994-B7BB-28470BC9FDE5}.DebugDSProjection|Win32.ActiveCfg = Debug|Any CPU
		{6A9E7AA3-913F-4994-B7BB-28470BC9FDE5}.DebugDSProjection|x86.ActiveCfg = Debug|Any CPU
		{6A9E7AA3-913F-4994-B7BB-28470BC9FDE5}.Release|Any CPU.ActiveCfg = Release|Any CPU
		{6A9E7AA3-913F-4994-B7BB-28470BC9FDE5}.Release|Any CPU.Build.0 = Release|Any CPU
		{6A9E7AA3-913F-4994-B7BB-28470BC9FDE5}.Release|Mixed Platforms.ActiveCfg = Release|Any CPU
		{6A9E7AA3-913F-4994-B7BB-28470BC9FDE5}.Release|Mixed Platforms.Build.0 = Release|Any CPU
		{6A9E7AA3-913F-4994-B7BB-28470BC9FDE5}.Release|Win32.ActiveCfg = Release|Any CPU
		{6A9E7AA3-913F-4994-B7BB-28470BC9FDE5}.Release|x86.ActiveCfg = Release|Any CPU
		{6A9E7AA3-913F-4994-B7BB-28470BC9FDE5}.ReleaseDSProjection|Any CPU.ActiveCfg = Release|Any CPU
		{6A9E7AA3-913F-4994-B7BB-28470BC9FDE5}.ReleaseDSProjection|Any CPU.Build.0 = Release|Any CPU
		{6A9E7AA3-913F-4994-B7BB-28470BC9FDE5}.ReleaseDSProjection|Mixed Platforms.ActiveCfg = Release|Any CPU
		{6A9E7AA3-913F-4994-B7BB-28470BC9FDE5}.ReleaseDSProjection|Mixed Platforms.Build.0 = Release|Any CPU
		{6A9E7AA3-913F-4994-B7BB-28470BC9FDE5}.ReleaseDSProjection|Win32.ActiveCfg = Release|Any CPU
		{6A9E7AA3-913F-4994-B7BB-28470BC9FDE5}.ReleaseDSProjection|x86.ActiveCfg = Release|Any CPU
		{DD1CC1DB-4BF9-4C88-A100-733D84795F3A}.Debug|Any CPU.ActiveCfg = Debug|Any CPU
		{DD1CC1DB-4BF9-4C88-A100-733D84795F3A}.Debug|Any CPU.Build.0 = Debug|Any CPU
		{DD1CC1DB-4BF9-4C88-A100-733D84795F3A}.Debug|Mixed Platforms.ActiveCfg = Debug|Any CPU
		{DD1CC1DB-4BF9-4C88-A100-733D84795F3A}.Debug|Mixed Platforms.Build.0 = Debug|Any CPU
		{DD1CC1DB-4BF9-4C88-A100-733D84795F3A}.Debug|Win32.ActiveCfg = Debug|Any CPU
		{DD1CC1DB-4BF9-4C88-A100-733D84795F3A}.Debug|x86.ActiveCfg = Debug|Any CPU
		{DD1CC1DB-4BF9-4C88-A100-733D84795F3A}.DebugDSProjection|Any CPU.ActiveCfg = DebugDSProjection|Any CPU
		{DD1CC1DB-4BF9-4C88-A100-733D84795F3A}.DebugDSProjection|Any CPU.Build.0 = DebugDSProjection|Any CPU
		{DD1CC1DB-4BF9-4C88-A100-733D84795F3A}.DebugDSProjection|Mixed Platforms.ActiveCfg = DebugDSProjection|Any CPU
		{DD1CC1DB-4BF9-4C88-A100-733D84795F3A}.DebugDSProjection|Mixed Platforms.Build.0 = DebugDSProjection|Any CPU
		{DD1CC1DB-4BF9-4C88-A100-733D84795F3A}.DebugDSProjection|Win32.ActiveCfg = DebugDSProjection|Any CPU
		{DD1CC1DB-4BF9-4C88-A100-733D84795F3A}.DebugDSProjection|x86.ActiveCfg = DebugDSProjection|Any CPU
		{DD1CC1DB-4BF9-4C88-A100-733D84795F3A}.Release|Any CPU.ActiveCfg = Release|Any CPU
		{DD1CC1DB-4BF9-4C88-A100-733D84795F3A}.Release|Any CPU.Build.0 = Release|Any CPU
		{DD1CC1DB-4BF9-4C88-A100-733D84795F3A}.Release|Mixed Platforms.ActiveCfg = Release|Any CPU
		{DD1CC1DB-4BF9-4C88-A100-733D84795F3A}.Release|Mixed Platforms.Build.0 = Release|Any CPU
		{DD1CC1DB-4BF9-4C88-A100-733D84795F3A}.Release|Win32.ActiveCfg = Release|Any CPU
		{DD1CC1DB-4BF9-4C88-A100-733D84795F3A}.Release|x86.ActiveCfg = Release|Any CPU
		{DD1CC1DB-4BF9-4C88-A100-733D84795F3A}.ReleaseDSProjection|Any CPU.ActiveCfg = ReleaseDSProjection|Any CPU
		{DD1CC1DB-4BF9-4C88-A100-733D84795F3A}.ReleaseDSProjection|Any CPU.Build.0 = ReleaseDSProjection|Any CPU
		{DD1CC1DB-4BF9-4C88-A100-733D84795F3A}.ReleaseDSProjection|Mixed Platforms.ActiveCfg = ReleaseDSProjection|Any CPU
		{DD1CC1DB-4BF9-4C88-A100-733D84795F3A}.ReleaseDSProjection|Mixed Platforms.Build.0 = ReleaseDSProjection|Any CPU
		{DD1CC1DB-4BF9-4C88-A100-733D84795F3A}.ReleaseDSProjection|Win32.ActiveCfg = ReleaseDSProjection|Any CPU
		{DD1CC1DB-4BF9-4C88-A100-733D84795F3A}.ReleaseDSProjection|x86.ActiveCfg = ReleaseDSProjection|Any CPU
		{3E955BE1-00ED-4FA0-87AB-2DA69EB1D118}.Debug|Any CPU.ActiveCfg = Debug|x86
		{3E955BE1-00ED-4FA0-87AB-2DA69EB1D118}.Debug|Mixed Platforms.ActiveCfg = Debug|x86
		{3E955BE1-00ED-4FA0-87AB-2DA69EB1D118}.Debug|Mixed Platforms.Build.0 = Debug|x86
		{3E955BE1-00ED-4FA0-87AB-2DA69EB1D118}.Debug|Win32.ActiveCfg = Debug|x86
		{3E955BE1-00ED-4FA0-87AB-2DA69EB1D118}.Debug|x86.ActiveCfg = Debug|x86
		{3E955BE1-00ED-4FA0-87AB-2DA69EB1D118}.Debug|x86.Build.0 = Debug|x86
		{3E955BE1-00ED-4FA0-87AB-2DA69EB1D118}.DebugDSProjection|Any CPU.ActiveCfg = Debug|x86
		{3E955BE1-00ED-4FA0-87AB-2DA69EB1D118}.DebugDSProjection|Mixed Platforms.ActiveCfg = Debug|x86
		{3E955BE1-00ED-4FA0-87AB-2DA69EB1D118}.DebugDSProjection|Mixed Platforms.Build.0 = Debug|x86
		{3E955BE1-00ED-4FA0-87AB-2DA69EB1D118}.DebugDSProjection|Win32.ActiveCfg = Debug|x86
		{3E955BE1-00ED-4FA0-87AB-2DA69EB1D118}.DebugDSProjection|x86.ActiveCfg = Debug|x86
		{3E955BE1-00ED-4FA0-87AB-2DA69EB1D118}.DebugDSProjection|x86.Build.0 = Debug|x86
		{3E955BE1-00ED-4FA0-87AB-2DA69EB1D118}.Release|Any CPU.ActiveCfg = Release|x86
		{3E955BE1-00ED-4FA0-87AB-2DA69EB1D118}.Release|Mixed Platforms.ActiveCfg = Release|x86
		{3E955BE1-00ED-4FA0-87AB-2DA69EB1D118}.Release|Mixed Platforms.Build.0 = Release|x86
		{3E955BE1-00ED-4FA0-87AB-2DA69EB1D118}.Release|Win32.ActiveCfg = Release|x86
		{3E955BE1-00ED-4FA0-87AB-2DA69EB1D118}.Release|x86.ActiveCfg = Release|x86
		{3E955BE1-00ED-4FA0-87AB-2DA69EB1D118}.Release|x86.Build.0 = Release|x86
		{3E955BE1-00ED-4FA0-87AB-2DA69EB1D118}.ReleaseDSProjection|Any CPU.ActiveCfg = Release|x86
		{3E955BE1-00ED-4FA0-87AB-2DA69EB1D118}.ReleaseDSProjection|Mixed Platforms.ActiveCfg = Release|x86
		{3E955BE1-00ED-4FA0-87AB-2DA69EB1D118}.ReleaseDSProjection|Mixed Platforms.Build.0 = Release|x86
		{3E955BE1-00ED-4FA0-87AB-2DA69EB1D118}.ReleaseDSProjection|Win32.ActiveCfg = Release|x86
		{3E955BE1-00ED-4FA0-87AB-2DA69EB1D118}.ReleaseDSProjection|x86.ActiveCfg = Release|x86
		{3E955BE1-00ED-4FA0-87AB-2DA69EB1D118}.ReleaseDSProjection|x86.Build.0 = Release|x86
		{972523F3-B708-48C0-A1B3-3D346929C179}.Debug|Any CPU.ActiveCfg = Debug|Any CPU
		{972523F3-B708-48C0-A1B3-3D346929C179}.Debug|Any CPU.Build.0 = Debug|Any CPU
		{972523F3-B708-48C0-A1B3-3D346929C179}.Debug|Mixed Platforms.ActiveCfg = Debug|Any CPU
		{972523F3-B708-48C0-A1B3-3D346929C179}.Debug|Mixed Platforms.Build.0 = Debug|Any CPU
		{972523F3-B708-48C0-A1B3-3D346929C179}.Debug|Win32.ActiveCfg = Debug|Any CPU
		{972523F3-B708-48C0-A1B3-3D346929C179}.Debug|x86.ActiveCfg = Debug|Any CPU
		{972523F3-B708-48C0-A1B3-3D346929C179}.DebugDSProjection|Any CPU.ActiveCfg = Debug|Any CPU
		{972523F3-B708-48C0-A1B3-3D346929C179}.DebugDSProjection|Any CPU.Build.0 = Debug|Any CPU
		{972523F3-B708-48C0-A1B3-3D346929C179}.DebugDSProjection|Mixed Platforms.ActiveCfg = Debug|Any CPU
		{972523F3-B708-48C0-A1B3-3D346929C179}.DebugDSProjection|Mixed Platforms.Build.0 = Debug|Any CPU
		{972523F3-B708-48C0-A1B3-3D346929C179}.DebugDSProjection|Win32.ActiveCfg = Debug|Any CPU
		{972523F3-B708-48C0-A1B3-3D346929C179}.DebugDSProjection|x86.ActiveCfg = Debug|Any CPU
		{972523F3-B708-48C0-A1B3-3D346929C179}.Release|Any CPU.ActiveCfg = Release|Any CPU
		{972523F3-B708-48C0-A1B3-3D346929C179}.Release|Any CPU.Build.0 = Release|Any CPU
		{972523F3-B708-48C0-A1B3-3D346929C179}.Release|Mixed Platforms.ActiveCfg = Release|Any CPU
		{972523F3-B708-48C0-A1B3-3D346929C179}.Release|Mixed Platforms.Build.0 = Release|Any CPU
		{972523F3-B708-48C0-A1B3-3D346929C179}.Release|Win32.ActiveCfg = Release|Any CPU
		{972523F3-B708-48C0-A1B3-3D346929C179}.Release|x86.ActiveCfg = Release|Any CPU
		{972523F3-B708-48C0-A1B3-3D346929C179}.ReleaseDSProjection|Any CPU.ActiveCfg = Release|Any CPU
		{972523F3-B708-48C0-A1B3-3D346929C179}.ReleaseDSProjection|Any CPU.Build.0 = Release|Any CPU
		{972523F3-B708-48C0-A1B3-3D346929C179}.ReleaseDSProjection|Mixed Platforms.ActiveCfg = Release|Any CPU
		{972523F3-B708-48C0-A1B3-3D346929C179}.ReleaseDSProjection|Mixed Platforms.Build.0 = Release|Any CPU
		{972523F3-B708-48C0-A1B3-3D346929C179}.ReleaseDSProjection|Win32.ActiveCfg = Release|Any CPU
		{972523F3-B708-48C0-A1B3-3D346929C179}.ReleaseDSProjection|x86.ActiveCfg = Release|Any CPU
		{AD99522D-C99A-439B-BD97-84F21792EBB5}.Debug|Any CPU.ActiveCfg = Debug|Any CPU
		{AD99522D-C99A-439B-BD97-84F21792EBB5}.Debug|Any CPU.Build.0 = Debug|Any CPU
		{AD99522D-C99A-439B-BD97-84F21792EBB5}.Debug|Mixed Platforms.ActiveCfg = Debug|Any CPU
		{AD99522D-C99A-439B-BD97-84F21792EBB5}.Debug|Mixed Platforms.Build.0 = Debug|Any CPU
		{AD99522D-C99A-439B-BD97-84F21792EBB5}.Debug|Win32.ActiveCfg = Debug|Any CPU
		{AD99522D-C99A-439B-BD97-84F21792EBB5}.Debug|x86.ActiveCfg = Debug|Any CPU
		{AD99522D-C99A-439B-BD97-84F21792EBB5}.DebugDSProjection|Any CPU.ActiveCfg = Debug|Any CPU
		{AD99522D-C99A-439B-BD97-84F21792EBB5}.DebugDSProjection|Any CPU.Build.0 = Debug|Any CPU
		{AD99522D-C99A-439B-BD97-84F21792EBB5}.DebugDSProjection|Mixed Platforms.ActiveCfg = Debug|Any CPU
		{AD99522D-C99A-439B-BD97-84F21792EBB5}.DebugDSProjection|Mixed Platforms.Build.0 = Debug|Any CPU
		{AD99522D-C99A-439B-BD97-84F21792EBB5}.DebugDSProjection|Win32.ActiveCfg = Debug|Any CPU
		{AD99522D-C99A-439B-BD97-84F21792EBB5}.DebugDSProjection|x86.ActiveCfg = Debug|Any CPU
		{AD99522D-C99A-439B-BD97-84F21792EBB5}.Release|Any CPU.ActiveCfg = Release|Any CPU
		{AD99522D-C99A-439B-BD97-84F21792EBB5}.Release|Any CPU.Build.0 = Release|Any CPU
		{AD99522D-C99A-439B-BD97-84F21792EBB5}.Release|Mixed Platforms.ActiveCfg = Release|Any CPU
		{AD99522D-C99A-439B-BD97-84F21792EBB5}.Release|Mixed Platforms.Build.0 = Release|Any CPU
		{AD99522D-C99A-439B-BD97-84F21792EBB5}.Release|Win32.ActiveCfg = Release|Any CPU
		{AD99522D-C99A-439B-BD97-84F21792EBB5}.Release|x86.ActiveCfg = Release|Any CPU
		{AD99522D-C99A-439B-BD97-84F21792EBB5}.ReleaseDSProjection|Any CPU.ActiveCfg = Release|Any CPU
		{AD99522D-C99A-439B-BD97-84F21792EBB5}.ReleaseDSProjection|Any CPU.Build.0 = Release|Any CPU
		{AD99522D-C99A-439B-BD97-84F21792EBB5}.ReleaseDSProjection|Mixed Platforms.ActiveCfg = Release|Any CPU
		{AD99522D-C99A-439B-BD97-84F21792EBB5}.ReleaseDSProjection|Mixed Platforms.Build.0 = Release|Any CPU
		{AD99522D-C99A-439B-BD97-84F21792EBB5}.ReleaseDSProjection|Win32.ActiveCfg = Release|Any CPU
		{AD99522D-C99A-439B-BD97-84F21792EBB5}.ReleaseDSProjection|x86.ActiveCfg = Release|Any CPU
		{5B6D4CDB-9EEA-4CFF-A6B5-598C8A1D3D43}.Debug|Any CPU.ActiveCfg = Debug|x86
		{5B6D4CDB-9EEA-4CFF-A6B5-598C8A1D3D43}.Debug|Mixed Platforms.ActiveCfg = Debug|x86
		{5B6D4CDB-9EEA-4CFF-A6B5-598C8A1D3D43}.Debug|Mixed Platforms.Build.0 = Debug|x86
		{5B6D4CDB-9EEA-4CFF-A6B5-598C8A1D3D43}.Debug|Win32.ActiveCfg = Debug|x86
		{5B6D4CDB-9EEA-4CFF-A6B5-598C8A1D3D43}.Debug|x86.ActiveCfg = Debug|x86
		{5B6D4CDB-9EEA-4CFF-A6B5-598C8A1D3D43}.Debug|x86.Build.0 = Debug|x86
		{5B6D4CDB-9EEA-4CFF-A6B5-598C8A1D3D43}.DebugDSProjection|Any CPU.ActiveCfg = Debug|x86
		{5B6D4CDB-9EEA-4CFF-A6B5-598C8A1D3D43}.DebugDSProjection|Mixed Platforms.ActiveCfg = Debug|x86
		{5B6D4CDB-9EEA-4CFF-A6B5-598C8A1D3D43}.DebugDSProjection|Mixed Platforms.Build.0 = Debug|x86
		{5B6D4CDB-9EEA-4CFF-A6B5-598C8A1D3D43}.DebugDSProjection|Win32.ActiveCfg = Debug|x86
		{5B6D4CDB-9EEA-4CFF-A6B5-598C8A1D3D43}.DebugDSProjection|x86.ActiveCfg = Debug|x86
		{5B6D4CDB-9EEA-4CFF-A6B5-598C8A1D3D43}.DebugDSProjection|x86.Build.0 = Debug|x86
		{5B6D4CDB-9EEA-4CFF-A6B5-598C8A1D3D43}.Release|Any CPU.ActiveCfg = Release|x86
		{5B6D4CDB-9EEA-4CFF-A6B5-598C8A1D3D43}.Release|Mixed Platforms.ActiveCfg = Release|x86
		{5B6D4CDB-9EEA-4CFF-A6B5-598C8A1D3D43}.Release|Mixed Platforms.Build.0 = Release|x86
		{5B6D4CDB-9EEA-4CFF-A6B5-598C8A1D3D43}.Release|Win32.ActiveCfg = Release|x86
		{5B6D4CDB-9EEA-4CFF-A6B5-598C8A1D3D43}.Release|x86.ActiveCfg = Release|x86
		{5B6D4CDB-9EEA-4CFF-A6B5-598C8A1D3D43}.Release|x86.Build.0 = Release|x86
		{5B6D4CDB-9EEA-4CFF-A6B5-598C8A1D3D43}.ReleaseDSProjection|Any CPU.ActiveCfg = Release|x86
		{5B6D4CDB-9EEA-4CFF-A6B5-598C8A1D3D43}.ReleaseDSProjection|Mixed Platforms.ActiveCfg = Release|x86
		{5B6D4CDB-9EEA-4CFF-A6B5-598C8A1D3D43}.ReleaseDSProjection|Mixed Platforms.Build.0 = Release|x86
		{5B6D4CDB-9EEA-4CFF-A6B5-598C8A1D3D43}.ReleaseDSProjection|Win32.ActiveCfg = Release|x86
		{5B6D4CDB-9EEA-4CFF-A6B5-598C8A1D3D43}.ReleaseDSProjection|x86.ActiveCfg = Release|x86
		{5B6D4CDB-9EEA-4CFF-A6B5-598C8A1D3D43}.ReleaseDSProjection|x86.Build.0 = Release|x86
		{3C5EF3F3-82F2-436C-91BB-160339B0FA7D}.Debug|Any CPU.ActiveCfg = Debug|x86
		{3C5EF3F3-82F2-436C-91BB-160339B0FA7D}.Debug|Mixed Platforms.ActiveCfg = Debug|x86
		{3C5EF3F3-82F2-436C-91BB-160339B0FA7D}.Debug|Mixed Platforms.Build.0 = Debug|x86
		{3C5EF3F3-82F2-436C-91BB-160339B0FA7D}.Debug|Win32.ActiveCfg = Debug|x86
		{3C5EF3F3-82F2-436C-91BB-160339B0FA7D}.Debug|x86.ActiveCfg = Debug|x86
		{3C5EF3F3-82F2-436C-91BB-160339B0FA7D}.Debug|x86.Build.0 = Debug|x86
		{3C5EF3F3-82F2-436C-91BB-160339B0FA7D}.DebugDSProjection|Any CPU.ActiveCfg = Debug|x86
		{3C5EF3F3-82F2-436C-91BB-160339B0FA7D}.DebugDSProjection|Mixed Platforms.ActiveCfg = Debug|x86
		{3C5EF3F3-82F2-436C-91BB-160339B0FA7D}.DebugDSProjection|Mixed Platforms.Build.0 = Debug|x86
		{3C5EF3F3-82F2-436C-91BB-160339B0FA7D}.DebugDSProjection|Win32.ActiveCfg = Debug|x86
		{3C5EF3F3-82F2-436C-91BB-160339B0FA7D}.DebugDSProjection|x86.ActiveCfg = Debug|x86
		{3C5EF3F3-82F2-436C-91BB-160339B0FA7D}.DebugDSProjection|x86.Build.0 = Debug|x86
		{3C5EF3F3-82F2-436C-91BB-160339B0FA7D}.Release|Any CPU.ActiveCfg = Release|x86
		{3C5EF3F3-82F2-436C-91BB-160339B0FA7D}.Release|Mixed Platforms.ActiveCfg = Release|x86
		{3C5EF3F3-82F2-436C-91BB-160339B0FA7D}.Release|Mixed Platforms.Build.0 = Release|x86
		{3C5EF3F3-82F2-436C-91BB-160339B0FA7D}.Release|Win32.ActiveCfg = Release|x86
		{3C5EF3F3-82F2-436C-91BB-160339B0FA7D}.Release|x86.ActiveCfg = Release|x86
		{3C5EF3F3-82F2-436C-91BB-160339B0FA7D}.Release|x86.Build.0 = Release|x86
		{3C5EF3F3-82F2-436C-91BB-160339B0FA7D}.ReleaseDSProjection|Any CPU.ActiveCfg = Release|x86
		{3C5EF3F3-82F2-436C-91BB-160339B0FA7D}.ReleaseDSProjection|Mixed Platforms.ActiveCfg = Release|x86
		{3C5EF3F3-82F2-436C-91BB-160339B0FA7D}.ReleaseDSProjection|Mixed Platforms.Build.0 = Release|x86
		{3C5EF3F3-82F2-436C-91BB-160339B0FA7D}.ReleaseDSProjection|Win32.ActiveCfg = Release|x86
		{3C5EF3F3-82F2-436C-91BB-160339B0FA7D}.ReleaseDSProjection|x86.ActiveCfg = Release|x86
		{3C5EF3F3-82F2-436C-91BB-160339B0FA7D}.ReleaseDSProjection|x86.Build.0 = Release|x86
		{0AC9EC6A-7203-4BB4-8629-05BAB6572DFA}.Debug|Any CPU.ActiveCfg = Debug|x86
		{0AC9EC6A-7203-4BB4-8629-05BAB6572DFA}.Debug|Mixed Platforms.ActiveCfg = Debug|x86
		{0AC9EC6A-7203-4BB4-8629-05BAB6572DFA}.Debug|Mixed Platforms.Build.0 = Debug|x86
		{0AC9EC6A-7203-4BB4-8629-05BAB6572DFA}.Debug|Win32.ActiveCfg = Debug|x86
		{0AC9EC6A-7203-4BB4-8629-05BAB6572DFA}.Debug|x86.ActiveCfg = Debug|x86
		{0AC9EC6A-7203-4BB4-8629-05BAB6572DFA}.Debug|x86.Build.0 = Debug|x86
		{0AC9EC6A-7203-4BB4-8629-05BAB6572DFA}.DebugDSProjection|Any CPU.ActiveCfg = Debug|x86
		{0AC9EC6A-7203-4BB4-8629-05BAB6572DFA}.DebugDSProjection|Mixed Platforms.ActiveCfg = Debug|x86
		{0AC9EC6A-7203-4BB4-8629-05BAB6572DFA}.DebugDSProjection|Mixed Platforms.Build.0 = Debug|x86
		{0AC9EC6A-7203-4BB4-8629-05BAB6572DFA}.DebugDSProjection|Win32.ActiveCfg = Debug|x86
		{0AC9EC6A-7203-4BB4-8629-05BAB6572DFA}.DebugDSProjection|x86.ActiveCfg = Debug|x86
		{0AC9EC6A-7203-4BB4-8629-05BAB6572DFA}.DebugDSProjection|x86.Build.0 = Debug|x86
		{0AC9EC6A-7203-4BB4-8629-05BAB6572DFA}.Release|Any CPU.ActiveCfg = Release|x86
		{0AC9EC6A-7203-4BB4-8629-05BAB6572DFA}.Release|Mixed Platforms.ActiveCfg = Release|x86
		{0AC9EC6A-7203-4BB4-8629-05BAB6572DFA}.Release|Mixed Platforms.Build.0 = Release|x86
		{0AC9EC6A-7203-4BB4-8629-05BAB6572DFA}.Release|Win32.ActiveCfg = Release|x86
		{0AC9EC6A-7203-4BB4-8629-05BAB6572DFA}.Release|x86.ActiveCfg = Release|x86
		{0AC9EC6A-7203-4BB4-8629-05BAB6572DFA}.Release|x86.Build.0 = Release|x86
		{0AC9EC6A-7203-4BB4-8629-05BAB6572DFA}.ReleaseDSProjection|Any CPU.ActiveCfg = Release|x86
		{0AC9EC6A-7203-4BB4-8629-05BAB6572DFA}.ReleaseDSProjection|Mixed Platforms.ActiveCfg = Release|x86
		{0AC9EC6A-7203-4BB4-8629-05BAB6572DFA}.ReleaseDSProjection|Mixed Platforms.Build.0 = Release|x86
		{0AC9EC6A-7203-4BB4-8629-05BAB6572DFA}.ReleaseDSProjection|Win32.ActiveCfg = Release|x86
		{0AC9EC6A-7203-4BB4-8629-05BAB6572DFA}.ReleaseDSProjection|x86.ActiveCfg = Release|x86
		{0AC9EC6A-7203-4BB4-8629-05BAB6572DFA}.ReleaseDSProjection|x86.Build.0 = Release|x86
		{C83777FC-AABB-47D9-911F-D76255D4D541}.Debug|Any CPU.ActiveCfg = Debug|Any CPU
		{C83777FC-AABB-47D9-911F-D76255D4D541}.Debug|Any CPU.Build.0 = Debug|Any CPU
		{C83777FC-AABB-47D9-911F-D76255D4D541}.Debug|Mixed Platforms.ActiveCfg = Debug|Any CPU
		{C83777FC-AABB-47D9-911F-D76255D4D541}.Debug|Mixed Platforms.Build.0 = Debug|Any CPU
		{C83777FC-AABB-47D9-911F-D76255D4D541}.Debug|Win32.ActiveCfg = Debug|Any CPU
		{C83777FC-AABB-47D9-911F-D76255D4D541}.Debug|x86.ActiveCfg = Debug|Any CPU
		{C83777FC-AABB-47D9-911F-D76255D4D541}.DebugDSProjection|Any CPU.ActiveCfg = DebugDSProjection|Any CPU
		{C83777FC-AABB-47D9-911F-D76255D4D541}.DebugDSProjection|Any CPU.Build.0 = DebugDSProjection|Any CPU
		{C83777FC-AABB-47D9-911F-D76255D4D541}.DebugDSProjection|Mixed Platforms.ActiveCfg = DebugDSProjection|Any CPU
		{C83777FC-AABB-47D9-911F-D76255D4D541}.DebugDSProjection|Mixed Platforms.Build.0 = DebugDSProjection|Any CPU
		{C83777FC-AABB-47D9-911F-D76255D4D541}.DebugDSProjection|Win32.ActiveCfg = DebugDSProjection|Any CPU
		{C83777FC-AABB-47D9-911F-D76255D4D541}.DebugDSProjection|x86.ActiveCfg = DebugDSProjection|Any CPU
		{C83777FC-AABB-47D9-911F-D76255D4D541}.Release|Any CPU.ActiveCfg = Release|Any CPU
		{C83777FC-AABB-47D9-911F-D76255D4D541}.Release|Any CPU.Build.0 = Release|Any CPU
		{C83777FC-AABB-47D9-911F-D76255D4D541}.Release|Mixed Platforms.ActiveCfg = Release|Any CPU
		{C83777FC-AABB-47D9-911F-D76255D4D541}.Release|Mixed Platforms.Build.0 = Release|Any CPU
		{C83777FC-AABB-47D9-911F-D76255D4D541}.Release|Win32.ActiveCfg = Release|Any CPU
		{C83777FC-AABB-47D9-911F-D76255D4D541}.Release|x86.ActiveCfg = Release|Any CPU
		{C83777FC-AABB-47D9-911F-D76255D4D541}.ReleaseDSProjection|Any CPU.ActiveCfg = ReleaseDSProjection|Any CPU
		{C83777FC-AABB-47D9-911F-D76255D4D541}.ReleaseDSProjection|Any CPU.Build.0 = ReleaseDSProjection|Any CPU
		{C83777FC-AABB-47D9-911F-D76255D4D541}.ReleaseDSProjection|Mixed Platforms.ActiveCfg = ReleaseDSProjection|Any CPU
		{C83777FC-AABB-47D9-911F-D76255D4D541}.ReleaseDSProjection|Mixed Platforms.Build.0 = ReleaseDSProjection|Any CPU
		{C83777FC-AABB-47D9-911F-D76255D4D541}.ReleaseDSProjection|Win32.ActiveCfg = ReleaseDSProjection|Any CPU
		{C83777FC-AABB-47D9-911F-D76255D4D541}.ReleaseDSProjection|x86.ActiveCfg = ReleaseDSProjection|Any CPU
		{A4140C12-53F5-438C-8D24-9E48C504FECF}.Debug|Any CPU.ActiveCfg = Debug|Any CPU
		{A4140C12-53F5-438C-8D24-9E48C504FECF}.Debug|Any CPU.Build.0 = Debug|Any CPU
		{A4140C12-53F5-438C-8D24-9E48C504FECF}.Debug|Mixed Platforms.ActiveCfg = Debug|Any CPU
		{A4140C12-53F5-438C-8D24-9E48C504FECF}.Debug|Mixed Platforms.Build.0 = Debug|Any CPU
		{A4140C12-53F5-438C-8D24-9E48C504FECF}.Debug|Win32.ActiveCfg = Debug|Any CPU
		{A4140C12-53F5-438C-8D24-9E48C504FECF}.Debug|x86.ActiveCfg = Debug|Any CPU
		{A4140C12-53F5-438C-8D24-9E48C504FECF}.DebugDSProjection|Any CPU.ActiveCfg = DebugDSProjection|Any CPU
		{A4140C12-53F5-438C-8D24-9E48C504FECF}.DebugDSProjection|Any CPU.Build.0 = DebugDSProjection|Any CPU
		{A4140C12-53F5-438C-8D24-9E48C504FECF}.DebugDSProjection|Mixed Platforms.ActiveCfg = DebugDSProjection|Any CPU
		{A4140C12-53F5-438C-8D24-9E48C504FECF}.DebugDSProjection|Mixed Platforms.Build.0 = DebugDSProjection|Any CPU
		{A4140C12-53F5-438C-8D24-9E48C504FECF}.DebugDSProjection|Win32.ActiveCfg = DebugDSProjection|Any CPU
		{A4140C12-53F5-438C-8D24-9E48C504FECF}.DebugDSProjection|x86.ActiveCfg = DebugDSProjection|Any CPU
		{A4140C12-53F5-438C-8D24-9E48C504FECF}.Release|Any CPU.ActiveCfg = Release|Any CPU
		{A4140C12-53F5-438C-8D24-9E48C504FECF}.Release|Any CPU.Build.0 = Release|Any CPU
		{A4140C12-53F5-438C-8D24-9E48C504FECF}.Release|Mixed Platforms.ActiveCfg = Release|Any CPU
		{A4140C12-53F5-438C-8D24-9E48C504FECF}.Release|Mixed Platforms.Build.0 = Release|Any CPU
		{A4140C12-53F5-438C-8D24-9E48C504FECF}.Release|Win32.ActiveCfg = Release|Any CPU
		{A4140C12-53F5-438C-8D24-9E48C504FECF}.Release|x86.ActiveCfg = Release|Any CPU
		{A4140C12-53F5-438C-8D24-9E48C504FECF}.ReleaseDSProjection|Any CPU.ActiveCfg = ReleaseDSProjection|Any CPU
		{A4140C12-53F5-438C-8D24-9E48C504FECF}.ReleaseDSProjection|Any CPU.Build.0 = ReleaseDSProjection|Any CPU
		{A4140C12-53F5-438C-8D24-9E48C504FECF}.ReleaseDSProjection|Mixed Platforms.ActiveCfg = ReleaseDSProjection|Any CPU
		{A4140C12-53F5-438C-8D24-9E48C504FECF}.ReleaseDSProjection|Mixed Platforms.Build.0 = ReleaseDSProjection|Any CPU
		{A4140C12-53F5-438C-8D24-9E48C504FECF}.ReleaseDSProjection|Win32.ActiveCfg = ReleaseDSProjection|Any CPU
		{A4140C12-53F5-438C-8D24-9E48C504FECF}.ReleaseDSProjection|x86.ActiveCfg = ReleaseDSProjection|Any CPU
		{CA3BE6AD-7AD3-41C0-8FB2-170BF4EFAD7A}.Debug|Any CPU.ActiveCfg = Debug|Any CPU
		{CA3BE6AD-7AD3-41C0-8FB2-170BF4EFAD7A}.Debug|Any CPU.Build.0 = Debug|Any CPU
		{CA3BE6AD-7AD3-41C0-8FB2-170BF4EFAD7A}.Debug|Mixed Platforms.ActiveCfg = Debug|Any CPU
		{CA3BE6AD-7AD3-41C0-8FB2-170BF4EFAD7A}.Debug|Mixed Platforms.Build.0 = Debug|Any CPU
		{CA3BE6AD-7AD3-41C0-8FB2-170BF4EFAD7A}.Debug|Win32.ActiveCfg = Debug|Any CPU
		{CA3BE6AD-7AD3-41C0-8FB2-170BF4EFAD7A}.Debug|x86.ActiveCfg = Debug|Any CPU
		{CA3BE6AD-7AD3-41C0-8FB2-170BF4EFAD7A}.DebugDSProjection|Any CPU.ActiveCfg = Debug|Any CPU
		{CA3BE6AD-7AD3-41C0-8FB2-170BF4EFAD7A}.DebugDSProjection|Any CPU.Build.0 = Debug|Any CPU
		{CA3BE6AD-7AD3-41C0-8FB2-170BF4EFAD7A}.DebugDSProjection|Mixed Platforms.ActiveCfg = Debug|Any CPU
		{CA3BE6AD-7AD3-41C0-8FB2-170BF4EFAD7A}.DebugDSProjection|Mixed Platforms.Build.0 = Debug|Any CPU
		{CA3BE6AD-7AD3-41C0-8FB2-170BF4EFAD7A}.DebugDSProjection|Win32.ActiveCfg = Debug|Any CPU
		{CA3BE6AD-7AD3-41C0-8FB2-170BF4EFAD7A}.DebugDSProjection|x86.ActiveCfg = Debug|Any CPU
		{CA3BE6AD-7AD3-41C0-8FB2-170BF4EFAD7A}.Release|Any CPU.ActiveCfg = Release|Any CPU
		{CA3BE6AD-7AD3-41C0-8FB2-170BF4EFAD7A}.Release|Any CPU.Build.0 = Release|Any CPU
		{CA3BE6AD-7AD3-41C0-8FB2-170BF4EFAD7A}.Release|Mixed Platforms.ActiveCfg = Release|Any CPU
		{CA3BE6AD-7AD3-41C0-8FB2-170BF4EFAD7A}.Release|Mixed Platforms.Build.0 = Release|Any CPU
		{CA3BE6AD-7AD3-41C0-8FB2-170BF4EFAD7A}.Release|Win32.ActiveCfg = Release|Any CPU
		{CA3BE6AD-7AD3-41C0-8FB2-170BF4EFAD7A}.Release|x86.ActiveCfg = Release|Any CPU
		{CA3BE6AD-7AD3-41C0-8FB2-170BF4EFAD7A}.ReleaseDSProjection|Any CPU.ActiveCfg = Release|Any CPU
		{CA3BE6AD-7AD3-41C0-8FB2-170BF4EFAD7A}.ReleaseDSProjection|Any CPU.Build.0 = Release|Any CPU
		{CA3BE6AD-7AD3-41C0-8FB2-170BF4EFAD7A}.ReleaseDSProjection|Mixed Platforms.ActiveCfg = Release|Any CPU
		{CA3BE6AD-7AD3-41C0-8FB2-170BF4EFAD7A}.ReleaseDSProjection|Mixed Platforms.Build.0 = Release|Any CPU
		{CA3BE6AD-7AD3-41C0-8FB2-170BF4EFAD7A}.ReleaseDSProjection|Win32.ActiveCfg = Release|Any CPU
		{CA3BE6AD-7AD3-41C0-8FB2-170BF4EFAD7A}.ReleaseDSProjection|x86.ActiveCfg = Release|Any CPU
		{B7724513-0026-4951-809A-76DD61EB39B4}.Debug|Any CPU.ActiveCfg = Debug|x86
		{B7724513-0026-4951-809A-76DD61EB39B4}.Debug|Mixed Platforms.ActiveCfg = Debug|x86
		{B7724513-0026-4951-809A-76DD61EB39B4}.Debug|Mixed Platforms.Build.0 = Debug|x86
		{B7724513-0026-4951-809A-76DD61EB39B4}.Debug|Win32.ActiveCfg = Debug|x86
		{B7724513-0026-4951-809A-76DD61EB39B4}.Debug|x86.ActiveCfg = Debug|x86
		{B7724513-0026-4951-809A-76DD61EB39B4}.Debug|x86.Build.0 = Debug|x86
		{B7724513-0026-4951-809A-76DD61EB39B4}.DebugDSProjection|Any CPU.ActiveCfg = Debug|x86
		{B7724513-0026-4951-809A-76DD61EB39B4}.DebugDSProjection|Mixed Platforms.ActiveCfg = Debug|x86
		{B7724513-0026-4951-809A-76DD61EB39B4}.DebugDSProjection|Mixed Platforms.Build.0 = Debug|x86
		{B7724513-0026-4951-809A-76DD61EB39B4}.DebugDSProjection|Win32.ActiveCfg = Debug|x86
		{B7724513-0026-4951-809A-76DD61EB39B4}.DebugDSProjection|x86.ActiveCfg = Debug|x86
		{B7724513-0026-4951-809A-76DD61EB39B4}.DebugDSProjection|x86.Build.0 = Debug|x86
		{B7724513-0026-4951-809A-76DD61EB39B4}.Release|Any CPU.ActiveCfg = Release|x86
		{B7724513-0026-4951-809A-76DD61EB39B4}.Release|Mixed Platforms.ActiveCfg = Release|x86
		{B7724513-0026-4951-809A-76DD61EB39B4}.Release|Mixed Platforms.Build.0 = Release|x86
		{B7724513-0026-4951-809A-76DD61EB39B4}.Release|Win32.ActiveCfg = Release|x86
		{B7724513-0026-4951-809A-76DD61EB39B4}.Release|x86.ActiveCfg = Release|x86
		{B7724513-0026-4951-809A-76DD61EB39B4}.Release|x86.Build.0 = Release|x86
		{B7724513-0026-4951-809A-76DD61EB39B4}.ReleaseDSProjection|Any CPU.ActiveCfg = Release|x86
		{B7724513-0026-4951-809A-76DD61EB39B4}.ReleaseDSProjection|Mixed Platforms.ActiveCfg = Release|x86
		{B7724513-0026-4951-809A-76DD61EB39B4}.ReleaseDSProjection|Mixed Platforms.Build.0 = Release|x86
		{B7724513-0026-4951-809A-76DD61EB39B4}.ReleaseDSProjection|Win32.ActiveCfg = Release|x86
		{B7724513-0026-4951-809A-76DD61EB39B4}.ReleaseDSProjection|x86.ActiveCfg = Release|x86
		{B7724513-0026-4951-809A-76DD61EB39B4}.ReleaseDSProjection|x86.Build.0 = Release|x86
	EndGlobalSection
	GlobalSection(SolutionProperties) = preSolution
		HideSolutionNode = FALSE
	EndGlobalSection
	GlobalSection(NestedProjects) = preSolution
		{E699766B-0594-498F-AEF0-0F9D8C6B8084} = {5D17D10E-0B4C-4998-B011-E48B9FEDC090}
		{6A9E7AA3-913F-4994-B7BB-28470BC9FDE5} = {E699766B-0594-498F-AEF0-0F9D8C6B8084}
		{DD1CC1DB-4BF9-4C88-A100-733D84795F3A} = {E699766B-0594-498F-AEF0-0F9D8C6B8084}
		{972523F3-B708-48C0-A1B3-3D346929C179} = {E699766B-0594-498F-AEF0-0F9D8C6B8084}
		{160E518D-0139-41C7-957B-12CDE24D01D6} = {E699766B-0594-498F-AEF0-0F9D8C6B8084}
		{08A3EE89-9A0C-4761-9DA4-9440F7E4AED5} = {E699766B-0594-498F-AEF0-0F9D8C6B8084}
		{C83777FC-AABB-47D9-911F-D76255D4D541} = {E699766B-0594-498F-AEF0-0F9D8C6B8084}
		{A4140C12-53F5-438C-8D24-9E48C504FECF} = {E699766B-0594-498F-AEF0-0F9D8C6B8084}
		{3E955BE1-00ED-4FA0-87AB-2DA69EB1D118} = {659E6E9D-D1E1-4A01-886C-56CAF67913A9}
		{0AC9EC6A-7203-4BB4-8629-05BAB6572DFA} = {659E6E9D-D1E1-4A01-886C-56CAF67913A9}
		{CA3BE6AD-7AD3-41C0-8FB2-170BF4EFAD7A} = {659E6E9D-D1E1-4A01-886C-56CAF67913A9}
		{AF464D68-A579-4277-9E63-E2F7F58FA18B} = {659E6E9D-D1E1-4A01-886C-56CAF67913A9}
		{B7724513-0026-4951-809A-76DD61EB39B4} = {659E6E9D-D1E1-4A01-886C-56CAF67913A9}
		{5B6D4CDB-9EEA-4CFF-A6B5-598C8A1D3D43} = {3BA04D40-F2B5-44C5-AD1A-05E73EA3F3BF}
		{AD99522D-C99A-439B-BD97-84F21792EBB5} = {3BA04D40-F2B5-44C5-AD1A-05E73EA3F3BF}
		{3C5EF3F3-82F2-436C-91BB-160339B0FA7D} = {3BA04D40-F2B5-44C5-AD1A-05E73EA3F3BF}
	EndGlobalSection
EndGlobal
